
Microsoft Visual Studio Solution File, Format Version 12.00
# Visual Studio Version 16
VisualStudioVersion = 16.0.30114.105
MinimumVisualStudioVersion = 10.0.40219.1
Project("{2150E333-8FDC-42A3-9474-1A3956D46DE8}") = "Domain", "Domain", "{F62EED62-BBD5-4DDF-AB39-972ACD54D8CE}"
EndProject
Project("{FAE04EC0-301F-11D3-BF4B-00C04F79EFBC}") = "MicroRabbit.Domain.Core", "Domain\MicroRabbit.Domain.Core\MicroRabbit.Domain.Core.csproj", "{615C6C83-E4E8-4117-A64A-46854E76E9F6}"
EndProject
Project("{2150E333-8FDC-42A3-9474-1A3956D46DE8}") = "Infra.Bus", "Infra.Bus", "{807F70EF-5AE0-4596-99FB-37C665964981}"
EndProject
Project("{FAE04EC0-301F-11D3-BF4B-00C04F79EFBC}") = "MicroRabbit.Infra.Bus", "Infra.Bus\MicroRabbit.Infra.Bus\MicroRabbit.Infra.Bus.csproj", "{C1B4B2C4-BD65-4134-BF19-5D80711A39A3}"
EndProject
Project("{2150E333-8FDC-42A3-9474-1A3956D46DE8}") = "Infra.IoC", "Infra.IoC", "{0AEB5270-F75B-412C-B76A-B5A50E606B63}"
EndProject
Project("{FAE04EC0-301F-11D3-BF4B-00C04F79EFBC}") = "MicroRabbit.Infra.IoC", "Infra.IoC\MicroRabbit.Infra.IoC\MicroRabbit.Infra.IoC.csproj", "{1128189B-1D2E-4BF7-9544-2D36CE55D28B}"
EndProject
Project("{2150E333-8FDC-42A3-9474-1A3956D46DE8}") = "Microservices", "Microservices", "{A9D3007B-C083-450B-98FE-B6C9E2FC84CD}"
EndProject
Project("{2150E333-8FDC-42A3-9474-1A3956D46DE8}") = "Banking", "Banking", "{F44A55D7-D950-4F5A-BA6E-817399FC41AF}"
EndProject
Project("{2150E333-8FDC-42A3-9474-1A3956D46DE8}") = "Api", "Api", "{9BAF9D6B-C4AB-442A-93E4-3754F318C5F4}"
EndProject
Project("{FAE04EC0-301F-11D3-BF4B-00C04F79EFBC}") = "MicroRabbit.Banking.Api", "Microservices\Banking\Api\MicroRabbit.Banking.Api\MicroRabbit.Banking.Api.csproj", "{F377D0B7-7776-430D-A6BD-2E80DE6121DB}"
EndProject
Project("{2150E333-8FDC-42A3-9474-1A3956D46DE8}") = "Application", "Application", "{DDA87CD0-2949-4B59-86CB-A5BB5946F40F}"
EndProject
Project("{FAE04EC0-301F-11D3-BF4B-00C04F79EFBC}") = "MicroRabbit.Banking.Application", "Microservices\Banking\Application\MicroRabbit.Banking.Application\MicroRabbit.Banking.Application.csproj", "{6BAFD15F-CF56-4280-B88F-C163DDFFE13C}"
EndProject
Project("{2150E333-8FDC-42A3-9474-1A3956D46DE8}") = "Data", "Data", "{41362C47-18D8-46E2-B553-C514A220ADE3}"
EndProject
Project("{FAE04EC0-301F-11D3-BF4B-00C04F79EFBC}") = "MicroRabbit.Banking.Data", "Microservices\Banking\Data\MicroRabbit.Banking.Data\MicroRabbit.Banking.Data.csproj", "{5290A3FB-E068-4909-8D52-3FB38B7BFC14}"
EndProject
Project("{2150E333-8FDC-42A3-9474-1A3956D46DE8}") = "Domain", "Domain", "{73E88BA1-AE10-4440-82C8-48C7A160477C}"
EndProject
Project("{FAE04EC0-301F-11D3-BF4B-00C04F79EFBC}") = "MicroRabbit.Banking.Domain", "Microservices\Banking\Domain\MicroRabbit.Banking.Domain\MicroRabbit.Banking.Domain.csproj", "{2D28D8FF-27EF-4BAA-89C3-2C599372FD4C}"
EndProject
Project("{2150E333-8FDC-42A3-9474-1A3956D46DE8}") = "Transfer", "Transfer", "{27BE3E02-D1CB-4B01-9FBF-1C1CCD3F422E}"
EndProject
Project("{2150E333-8FDC-42A3-9474-1A3956D46DE8}") = "Api", "Api", "{57EE288C-314A-4989-86AA-F6D3C10158B5}"
EndProject
Project("{FAE04EC0-301F-11D3-BF4B-00C04F79EFBC}") = "MicroRabbit.Transfer.Api", "Microservices\Transfer\Api\MicroRabbit.Transfer.Api\MicroRabbit.Transfer.Api.csproj", "{99BA3F1D-C55E-4F51-BA10-C84BE1DCCE61}"
EndProject
Project("{2150E333-8FDC-42A3-9474-1A3956D46DE8}") = "Application", "Application", "{35BEC19A-ABCB-4072-9E2C-E7626C5A2E60}"
EndProject
Project("{FAE04EC0-301F-11D3-BF4B-00C04F79EFBC}") = "MicroRabbit.Transfer.Application", "Microservices\Transfer\Application\MicroRabbit.Transfer.Application\MicroRabbit.Transfer.Application.csproj", "{DE14A9DA-7E46-40BE-9E0D-71B36E9574F2}"
EndProject
Project("{2150E333-8FDC-42A3-9474-1A3956D46DE8}") = "Data", "Data", "{113F6BDB-C30B-4544-B2A7-1DCA592F64CC}"
EndProject
Project("{FAE04EC0-301F-11D3-BF4B-00C04F79EFBC}") = "MicroRabbit.Transfer.Data", "Microservices\Transfer\Data\MicroRabbit.Transfer.Data\MicroRabbit.Transfer.Data.csproj", "{E46F2E36-A360-4C73-A413-6C55E2F2D325}"
EndProject
Project("{2150E333-8FDC-42A3-9474-1A3956D46DE8}") = "Domain", "Domain", "{23F4CC87-7FC3-4F81-A298-584B52E36ACC}"
EndProject
Project("{FAE04EC0-301F-11D3-BF4B-00C04F79EFBC}") = "MicroRabbit.Transfer.Domain", "Microservices\Transfer\Domain\MicroRabbit.Transfer.Domain\MicroRabbit.Transfer.Domain.csproj", "{7173BAD9-D59C-4FA3-950A-29AC22EE8564}"
EndProject
Global
	GlobalSection(SolutionConfigurationPlatforms) = preSolution
		Debug|Any CPU = Debug|Any CPU
		Debug|x64 = Debug|x64
		Debug|x86 = Debug|x86
		Release|Any CPU = Release|Any CPU
		Release|x64 = Release|x64
		Release|x86 = Release|x86
	EndGlobalSection
	GlobalSection(SolutionProperties) = preSolution
		HideSolutionNode = FALSE
	EndGlobalSection
	GlobalSection(ProjectConfigurationPlatforms) = postSolution
		{615C6C83-E4E8-4117-A64A-46854E76E9F6}.Debug|Any CPU.ActiveCfg = Debug|Any CPU
		{615C6C83-E4E8-4117-A64A-46854E76E9F6}.Debug|Any CPU.Build.0 = Debug|Any CPU
		{615C6C83-E4E8-4117-A64A-46854E76E9F6}.Debug|x64.ActiveCfg = Debug|Any CPU
		{615C6C83-E4E8-4117-A64A-46854E76E9F6}.Debug|x64.Build.0 = Debug|Any CPU
		{615C6C83-E4E8-4117-A64A-46854E76E9F6}.Debug|x86.ActiveCfg = Debug|Any CPU
		{615C6C83-E4E8-4117-A64A-46854E76E9F6}.Debug|x86.Build.0 = Debug|Any CPU
		{615C6C83-E4E8-4117-A64A-46854E76E9F6}.Release|Any CPU.ActiveCfg = Release|Any CPU
		{615C6C83-E4E8-4117-A64A-46854E76E9F6}.Release|Any CPU.Build.0 = Release|Any CPU
		{615C6C83-E4E8-4117-A64A-46854E76E9F6}.Release|x64.ActiveCfg = Release|Any CPU
		{615C6C83-E4E8-4117-A64A-46854E76E9F6}.Release|x64.Build.0 = Release|Any CPU
		{615C6C83-E4E8-4117-A64A-46854E76E9F6}.Release|x86.ActiveCfg = Release|Any CPU
		{615C6C83-E4E8-4117-A64A-46854E76E9F6}.Release|x86.Build.0 = Release|Any CPU
		{C1B4B2C4-BD65-4134-BF19-5D80711A39A3}.Debug|Any CPU.ActiveCfg = Debug|Any CPU
		{C1B4B2C4-BD65-4134-BF19-5D80711A39A3}.Debug|Any CPU.Build.0 = Debug|Any CPU
		{C1B4B2C4-BD65-4134-BF19-5D80711A39A3}.Debug|x64.ActiveCfg = Debug|Any CPU
		{C1B4B2C4-BD65-4134-BF19-5D80711A39A3}.Debug|x64.Build.0 = Debug|Any CPU
		{C1B4B2C4-BD65-4134-BF19-5D80711A39A3}.Debug|x86.ActiveCfg = Debug|Any CPU
		{C1B4B2C4-BD65-4134-BF19-5D80711A39A3}.Debug|x86.Build.0 = Debug|Any CPU
		{C1B4B2C4-BD65-4134-BF19-5D80711A39A3}.Release|Any CPU.ActiveCfg = Release|Any CPU
		{C1B4B2C4-BD65-4134-BF19-5D80711A39A3}.Release|Any CPU.Build.0 = Release|Any CPU
		{C1B4B2C4-BD65-4134-BF19-5D80711A39A3}.Release|x64.ActiveCfg = Release|Any CPU
		{C1B4B2C4-BD65-4134-BF19-5D80711A39A3}.Release|x64.Build.0 = Release|Any CPU
		{C1B4B2C4-BD65-4134-BF19-5D80711A39A3}.Release|x86.ActiveCfg = Release|Any CPU
		{C1B4B2C4-BD65-4134-BF19-5D80711A39A3}.Release|x86.Build.0 = Release|Any CPU
		{1128189B-1D2E-4BF7-9544-2D36CE55D28B}.Debug|Any CPU.ActiveCfg = Debug|Any CPU
		{1128189B-1D2E-4BF7-9544-2D36CE55D28B}.Debug|Any CPU.Build.0 = Debug|Any CPU
		{1128189B-1D2E-4BF7-9544-2D36CE55D28B}.Debug|x64.ActiveCfg = Debug|Any CPU
		{1128189B-1D2E-4BF7-9544-2D36CE55D28B}.Debug|x64.Build.0 = Debug|Any CPU
		{1128189B-1D2E-4BF7-9544-2D36CE55D28B}.Debug|x86.ActiveCfg = Debug|Any CPU
		{1128189B-1D2E-4BF7-9544-2D36CE55D28B}.Debug|x86.Build.0 = Debug|Any CPU
		{1128189B-1D2E-4BF7-9544-2D36CE55D28B}.Release|Any CPU.ActiveCfg = Release|Any CPU
		{1128189B-1D2E-4BF7-9544-2D36CE55D28B}.Release|Any CPU.Build.0 = Release|Any CPU
		{1128189B-1D2E-4BF7-9544-2D36CE55D28B}.Release|x64.ActiveCfg = Release|Any CPU
		{1128189B-1D2E-4BF7-9544-2D36CE55D28B}.Release|x64.Build.0 = Release|Any CPU
		{1128189B-1D2E-4BF7-9544-2D36CE55D28B}.Release|x86.ActiveCfg = Release|Any CPU
		{1128189B-1D2E-4BF7-9544-2D36CE55D28B}.Release|x86.Build.0 = Release|Any CPU
		{F377D0B7-7776-430D-A6BD-2E80DE6121DB}.Debug|Any CPU.ActiveCfg = Debug|Any CPU
		{F377D0B7-7776-430D-A6BD-2E80DE6121DB}.Debug|Any CPU.Build.0 = Debug|Any CPU
		{F377D0B7-7776-430D-A6BD-2E80DE6121DB}.Debug|x64.ActiveCfg = Debug|Any CPU
		{F377D0B7-7776-430D-A6BD-2E80DE6121DB}.Debug|x64.Build.0 = Debug|Any CPU
		{F377D0B7-7776-430D-A6BD-2E80DE6121DB}.Debug|x86.ActiveCfg = Debug|Any CPU
		{F377D0B7-7776-430D-A6BD-2E80DE6121DB}.Debug|x86.Build.0 = Debug|Any CPU
		{F377D0B7-7776-430D-A6BD-2E80DE6121DB}.Release|Any CPU.ActiveCfg = Release|Any CPU
		{F377D0B7-7776-430D-A6BD-2E80DE6121DB}.Release|Any CPU.Build.0 = Release|Any CPU
		{F377D0B7-7776-430D-A6BD-2E80DE6121DB}.Release|x64.ActiveCfg = Release|Any CPU
		{F377D0B7-7776-430D-A6BD-2E80DE6121DB}.Release|x64.Build.0 = Release|Any CPU
		{F377D0B7-7776-430D-A6BD-2E80DE6121DB}.Release|x86.ActiveCfg = Release|Any CPU
		{F377D0B7-7776-430D-A6BD-2E80DE6121DB}.Release|x86.Build.0 = Release|Any CPU
		{6BAFD15F-CF56-4280-B88F-C163DDFFE13C}.Debug|Any CPU.ActiveCfg = Debug|Any CPU
		{6BAFD15F-CF56-4280-B88F-C163DDFFE13C}.Debug|Any CPU.Build.0 = Debug|Any CPU
		{6BAFD15F-CF56-4280-B88F-C163DDFFE13C}.Debug|x64.ActiveCfg = Debug|Any CPU
		{6BAFD15F-CF56-4280-B88F-C163DDFFE13C}.Debug|x64.Build.0 = Debug|Any CPU
		{6BAFD15F-CF56-4280-B88F-C163DDFFE13C}.Debug|x86.ActiveCfg = Debug|Any CPU
		{6BAFD15F-CF56-4280-B88F-C163DDFFE13C}.Debug|x86.Build.0 = Debug|Any CPU
		{6BAFD15F-CF56-4280-B88F-C163DDFFE13C}.Release|Any CPU.ActiveCfg = Release|Any CPU
		{6BAFD15F-CF56-4280-B88F-C163DDFFE13C}.Release|Any CPU.Build.0 = Release|Any CPU
		{6BAFD15F-CF56-4280-B88F-C163DDFFE13C}.Release|x64.ActiveCfg = Release|Any CPU
		{6BAFD15F-CF56-4280-B88F-C163DDFFE13C}.Release|x64.Build.0 = Release|Any CPU
		{6BAFD15F-CF56-4280-B88F-C163DDFFE13C}.Release|x86.ActiveCfg = Release|Any CPU
		{6BAFD15F-CF56-4280-B88F-C163DDFFE13C}.Release|x86.Build.0 = Release|Any CPU
		{5290A3FB-E068-4909-8D52-3FB38B7BFC14}.Debug|Any CPU.ActiveCfg = Debug|Any CPU
		{5290A3FB-E068-4909-8D52-3FB38B7BFC14}.Debug|Any CPU.Build.0 = Debug|Any CPU
		{5290A3FB-E068-4909-8D52-3FB38B7BFC14}.Debug|x64.ActiveCfg = Debug|Any CPU
		{5290A3FB-E068-4909-8D52-3FB38B7BFC14}.Debug|x64.Build.0 = Debug|Any CPU
		{5290A3FB-E068-4909-8D52-3FB38B7BFC14}.Debug|x86.ActiveCfg = Debug|Any CPU
		{5290A3FB-E068-4909-8D52-3FB38B7BFC14}.Debug|x86.Build.0 = Debug|Any CPU
		{5290A3FB-E068-4909-8D52-3FB38B7BFC14}.Release|Any CPU.ActiveCfg = Release|Any CPU
		{5290A3FB-E068-4909-8D52-3FB38B7BFC14}.Release|Any CPU.Build.0 = Release|Any CPU
		{5290A3FB-E068-4909-8D52-3FB38B7BFC14}.Release|x64.ActiveCfg = Release|Any CPU
		{5290A3FB-E068-4909-8D52-3FB38B7BFC14}.Release|x64.Build.0 = Release|Any CPU
		{5290A3FB-E068-4909-8D52-3FB38B7BFC14}.Release|x86.ActiveCfg = Release|Any CPU
		{5290A3FB-E068-4909-8D52-3FB38B7BFC14}.Release|x86.Build.0 = Release|Any CPU
		{2D28D8FF-27EF-4BAA-89C3-2C599372FD4C}.Debug|Any CPU.ActiveCfg = Debug|Any CPU
		{2D28D8FF-27EF-4BAA-89C3-2C599372FD4C}.Debug|Any CPU.Build.0 = Debug|Any CPU
		{2D28D8FF-27EF-4BAA-89C3-2C599372FD4C}.Debug|x64.ActiveCfg = Debug|Any CPU
		{2D28D8FF-27EF-4BAA-89C3-2C599372FD4C}.Debug|x64.Build.0 = Debug|Any CPU
		{2D28D8FF-27EF-4BAA-89C3-2C599372FD4C}.Debug|x86.ActiveCfg = Debug|Any CPU
		{2D28D8FF-27EF-4BAA-89C3-2C599372FD4C}.Debug|x86.Build.0 = Debug|Any CPU
		{2D28D8FF-27EF-4BAA-89C3-2C599372FD4C}.Release|Any CPU.ActiveCfg = Release|Any CPU
		{2D28D8FF-27EF-4BAA-89C3-2C599372FD4C}.Release|Any CPU.Build.0 = Release|Any CPU
		{2D28D8FF-27EF-4BAA-89C3-2C599372FD4C}.Release|x64.ActiveCfg = Release|Any CPU
		{2D28D8FF-27EF-4BAA-89C3-2C599372FD4C}.Release|x64.Build.0 = Release|Any CPU
		{2D28D8FF-27EF-4BAA-89C3-2C599372FD4C}.Release|x86.ActiveCfg = Release|Any CPU
		{2D28D8FF-27EF-4BAA-89C3-2C599372FD4C}.Release|x86.Build.0 = Release|Any CPU
		{99BA3F1D-C55E-4F51-BA10-C84BE1DCCE61}.Debug|Any CPU.ActiveCfg = Debug|Any CPU
		{99BA3F1D-C55E-4F51-BA10-C84BE1DCCE61}.Debug|Any CPU.Build.0 = Debug|Any CPU
		{99BA3F1D-C55E-4F51-BA10-C84BE1DCCE61}.Debug|x64.ActiveCfg = Debug|Any CPU
		{99BA3F1D-C55E-4F51-BA10-C84BE1DCCE61}.Debug|x64.Build.0 = Debug|Any CPU
		{99BA3F1D-C55E-4F51-BA10-C84BE1DCCE61}.Debug|x86.ActiveCfg = Debug|Any CPU
		{99BA3F1D-C55E-4F51-BA10-C84BE1DCCE61}.Debug|x86.Build.0 = Debug|Any CPU
		{99BA3F1D-C55E-4F51-BA10-C84BE1DCCE61}.Release|Any CPU.ActiveCfg = Release|Any CPU
		{99BA3F1D-C55E-4F51-BA10-C84BE1DCCE61}.Release|Any CPU.Build.0 = Release|Any CPU
		{99BA3F1D-C55E-4F51-BA10-C84BE1DCCE61}.Release|x64.ActiveCfg = Release|Any CPU
		{99BA3F1D-C55E-4F51-BA10-C84BE1DCCE61}.Release|x64.Build.0 = Release|Any CPU
		{99BA3F1D-C55E-4F51-BA10-C84BE1DCCE61}.Release|x86.ActiveCfg = Release|Any CPU
		{99BA3F1D-C55E-4F51-BA10-C84BE1DCCE61}.Release|x86.Build.0 = Release|Any CPU
		{DE14A9DA-7E46-40BE-9E0D-71B36E9574F2}.Debug|Any CPU.ActiveCfg = Debug|Any CPU
		{DE14A9DA-7E46-40BE-9E0D-71B36E9574F2}.Debug|Any CPU.Build.0 = Debug|Any CPU
		{DE14A9DA-7E46-40BE-9E0D-71B36E9574F2}.Debug|x64.ActiveCfg = Debug|Any CPU
		{DE14A9DA-7E46-40BE-9E0D-71B36E9574F2}.Debug|x64.Build.0 = Debug|Any CPU
		{DE14A9DA-7E46-40BE-9E0D-71B36E9574F2}.Debug|x86.ActiveCfg = Debug|Any CPU
		{DE14A9DA-7E46-40BE-9E0D-71B36E9574F2}.Debug|x86.Build.0 = Debug|Any CPU
		{DE14A9DA-7E46-40BE-9E0D-71B36E9574F2}.Release|Any CPU.ActiveCfg = Release|Any CPU
		{DE14A9DA-7E46-40BE-9E0D-71B36E9574F2}.Release|Any CPU.Build.0 = Release|Any CPU
		{DE14A9DA-7E46-40BE-9E0D-71B36E9574F2}.Release|x64.ActiveCfg = Release|Any CPU
		{DE14A9DA-7E46-40BE-9E0D-71B36E9574F2}.Release|x64.Build.0 = Release|Any CPU
		{DE14A9DA-7E46-40BE-9E0D-71B36E9574F2}.Release|x86.ActiveCfg = Release|Any CPU
		{DE14A9DA-7E46-40BE-9E0D-71B36E9574F2}.Release|x86.Build.0 = Release|Any CPU
		{E46F2E36-A360-4C73-A413-6C55E2F2D325}.Debug|Any CPU.ActiveCfg = Debug|Any CPU
		{E46F2E36-A360-4C73-A413-6C55E2F2D325}.Debug|Any CPU.Build.0 = Debug|Any CPU
		{E46F2E36-A360-4C73-A413-6C55E2F2D325}.Debug|x64.ActiveCfg = Debug|Any CPU
		{E46F2E36-A360-4C73-A413-6C55E2F2D325}.Debug|x64.Build.0 = Debug|Any CPU
		{E46F2E36-A360-4C73-A413-6C55E2F2D325}.Debug|x86.ActiveCfg = Debug|Any CPU
		{E46F2E36-A360-4C73-A413-6C55E2F2D325}.Debug|x86.Build.0 = Debug|Any CPU
		{E46F2E36-A360-4C73-A413-6C55E2F2D325}.Release|Any CPU.ActiveCfg = Release|Any CPU
		{E46F2E36-A360-4C73-A413-6C55E2F2D325}.Release|Any CPU.Build.0 = Release|Any CPU
		{E46F2E36-A360-4C73-A413-6C55E2F2D325}.Release|x64.ActiveCfg = Release|Any CPU
		{E46F2E36-A360-4C73-A413-6C55E2F2D325}.Release|x64.Build.0 = Release|Any CPU
		{E46F2E36-A360-4C73-A413-6C55E2F2D325}.Release|x86.ActiveCfg = Release|Any CPU
		{E46F2E36-A360-4C73-A413-6C55E2F2D325}.Release|x86.Build.0 = Release|Any CPU
		{7173BAD9-D59C-4FA3-950A-29AC22EE8564}.Debug|Any CPU.ActiveCfg = Debug|Any CPU
		{7173BAD9-D59C-4FA3-950A-29AC22EE8564}.Debug|Any CPU.Build.0 = Debug|Any CPU
		{7173BAD9-D59C-4FA3-950A-29AC22EE8564}.Debug|x64.ActiveCfg = Debug|Any CPU
		{7173BAD9-D59C-4FA3-950A-29AC22EE8564}.Debug|x64.Build.0 = Debug|Any CPU
		{7173BAD9-D59C-4FA3-950A-29AC22EE8564}.Debug|x86.ActiveCfg = Debug|Any CPU
		{7173BAD9-D59C-4FA3-950A-29AC22EE8564}.Debug|x86.Build.0 = Debug|Any CPU
		{7173BAD9-D59C-4FA3-950A-29AC22EE8564}.Release|Any CPU.ActiveCfg = Release|Any CPU
		{7173BAD9-D59C-4FA3-950A-29AC22EE8564}.Release|Any CPU.Build.0 = Release|Any CPU
		{7173BAD9-D59C-4FA3-950A-29AC22EE8564}.Release|x64.ActiveCfg = Release|Any CPU
		{7173BAD9-D59C-4FA3-950A-29AC22EE8564}.Release|x64.Build.0 = Release|Any CPU
		{7173BAD9-D59C-4FA3-950A-29AC22EE8564}.Release|x86.ActiveCfg = Release|Any CPU
		{7173BAD9-D59C-4FA3-950A-29AC22EE8564}.Release|x86.Build.0 = Release|Any CPU
	EndGlobalSection
	GlobalSection(NestedProjects) = preSolution
		{615C6C83-E4E8-4117-A64A-46854E76E9F6} = {F62EED62-BBD5-4DDF-AB39-972ACD54D8CE}
		{C1B4B2C4-BD65-4134-BF19-5D80711A39A3} = {807F70EF-5AE0-4596-99FB-37C665964981}
		{1128189B-1D2E-4BF7-9544-2D36CE55D28B} = {0AEB5270-F75B-412C-B76A-B5A50E606B63}
		{F44A55D7-D950-4F5A-BA6E-817399FC41AF} = {A9D3007B-C083-450B-98FE-B6C9E2FC84CD}
		{9BAF9D6B-C4AB-442A-93E4-3754F318C5F4} = {F44A55D7-D950-4F5A-BA6E-817399FC41AF}
		{F377D0B7-7776-430D-A6BD-2E80DE6121DB} = {9BAF9D6B-C4AB-442A-93E4-3754F318C5F4}
		{DDA87CD0-2949-4B59-86CB-A5BB5946F40F} = {F44A55D7-D950-4F5A-BA6E-817399FC41AF}
		{6BAFD15F-CF56-4280-B88F-C163DDFFE13C} = {DDA87CD0-2949-4B59-86CB-A5BB5946F40F}
		{41362C47-18D8-46E2-B553-C514A220ADE3} = {F44A55D7-D950-4F5A-BA6E-817399FC41AF}
		{5290A3FB-E068-4909-8D52-3FB38B7BFC14} = {41362C47-18D8-46E2-B553-C514A220ADE3}
		{73E88BA1-AE10-4440-82C8-48C7A160477C} = {F44A55D7-D950-4F5A-BA6E-817399FC41AF}
		{2D28D8FF-27EF-4BAA-89C3-2C599372FD4C} = {73E88BA1-AE10-4440-82C8-48C7A160477C}
		{27BE3E02-D1CB-4B01-9FBF-1C1CCD3F422E} = {A9D3007B-C083-450B-98FE-B6C9E2FC84CD}
		{57EE288C-314A-4989-86AA-F6D3C10158B5} = {27BE3E02-D1CB-4B01-9FBF-1C1CCD3F422E}
		{99BA3F1D-C55E-4F51-BA10-C84BE1DCCE61} = {57EE288C-314A-4989-86AA-F6D3C10158B5}
		{35BEC19A-ABCB-4072-9E2C-E7626C5A2E60} = {27BE3E02-D1CB-4B01-9FBF-1C1CCD3F422E}
		{DE14A9DA-7E46-40BE-9E0D-71B36E9574F2} = {35BEC19A-ABCB-4072-9E2C-E7626C5A2E60}
		{113F6BDB-C30B-4544-B2A7-1DCA592F64CC} = {27BE3E02-D1CB-4B01-9FBF-1C1CCD3F422E}
		{E46F2E36-A360-4C73-A413-6C55E2F2D325} = {113F6BDB-C30B-4544-B2A7-1DCA592F64CC}
		{23F4CC87-7FC3-4F81-A298-584B52E36ACC} = {27BE3E02-D1CB-4B01-9FBF-1C1CCD3F422E}
		{7173BAD9-D59C-4FA3-950A-29AC22EE8564} = {23F4CC87-7FC3-4F81-A298-584B52E36ACC}
	EndGlobalSection
EndGlobal
